
Microsoft Visual Studio Solution File, Format Version 11.00
# Visual Studio 2010
Project("{FAE04EC0-301F-11D3-BF4B-00C04F79EFBC}") = "GrayHills.FlameCage.Client", "GrayHills.FlameCage.Client\GrayHills.FlameCage.Client.csproj", "{30A49881-2388-41BF-8ED0-D2D2CB1F84FD}"
EndProject
Project("{54435603-DBB4-11D2-8724-00A0C9A8B90C}") = "GrayHills.FlameCage.Installer", "GrayHills.FlameCage.Installer\GrayHills.FlameCage.Installer.vdproj", "{1B7CA80C-4F72-4ACC-801F-DEDFAF68DD50}"
EndProject
Global
	GlobalSection(SolutionConfigurationPlatforms) = preSolution
		Debug|Any CPU = Debug|Any CPU
		Debug|x86 = Debug|x86
		Release|Any CPU = Release|Any CPU
		Release|x86 = Release|x86
	EndGlobalSection
	GlobalSection(ProjectConfigurationPlatforms) = postSolution
		{30A49881-2388-41BF-8ED0-D2D2CB1F84FD}.Debug|Any CPU.ActiveCfg = Debug|Any CPU
		{30A49881-2388-41BF-8ED0-D2D2CB1F84FD}.Debug|Any CPU.Build.0 = Debug|Any CPU
		{30A49881-2388-41BF-8ED0-D2D2CB1F84FD}.Debug|x86.ActiveCfg = Debug|x86
		{30A49881-2388-41BF-8ED0-D2D2CB1F84FD}.Debug|x86.Build.0 = Debug|x86
		{30A49881-2388-41BF-8ED0-D2D2CB1F84FD}.Release|Any CPU.ActiveCfg = Release|Any CPU
		{30A49881-2388-41BF-8ED0-D2D2CB1F84FD}.Release|Any CPU.Build.0 = Release|Any CPU
		{30A49881-2388-41BF-8ED0-D2D2CB1F84FD}.Release|x86.ActiveCfg = Release|x86
		{30A49881-2388-41BF-8ED0-D2D2CB1F84FD}.Release|x86.Build.0 = Release|x86
		{1B7CA80C-4F72-4ACC-801F-DEDFAF68DD50}.Debug|Any CPU.ActiveCfg = Debug
		{1B7CA80C-4F72-4ACC-801F-DEDFAF68DD50}.Debug|x86.ActiveCfg = Debug
		{1B7CA80C-4F72-4ACC-801F-DEDFAF68DD50}.Release|Any CPU.ActiveCfg = Release
		{1B7CA80C-4F72-4ACC-801F-DEDFAF68DD50}.Release|x86.ActiveCfg = Release
	EndGlobalSection
	GlobalSection(SolutionProperties) = preSolution
		HideSolutionNode = FALSE
	EndGlobalSection
EndGlobal
